
Microsoft Visual Studio Solution File, Format Version 12.00
# Visual Studio Version 17
VisualStudioVersion = 17.4.33110.190
MinimumVisualStudioVersion = 10.0.40219.1
Project("{FAE04EC0-301F-11D3-BF4B-00C04F79EFBC}") = "TransactionData", "TransactionData\TransactionData.csproj", "{1BF4FB00-D721-495F-BB59-D49A5364E274}"
EndProject
Project("{FAE04EC0-301F-11D3-BF4B-00C04F79EFBC}") = "NavigatorClient", "NavigatorClient\NavigatorClient.csproj", "{458F095B-76D4-44B2-ADCE-F8A7293071D2}"
EndProject
Project("{FAE04EC0-301F-11D3-BF4B-00C04F79EFBC}") = "TransactionNavigator", "TransactionNavigator\TransactionNavigator.csproj", "{F6E10DA0-07A1-450E-AB54-4DFE1889D591}"
EndProject
Global
	GlobalSection(SolutionConfigurationPlatforms) = preSolution
		Debug|Any CPU = Debug|Any CPU
		Release|Any CPU = Release|Any CPU
	EndGlobalSection
	GlobalSection(ProjectConfigurationPlatforms) = postSolution
		{1BF4FB00-D721-495F-BB59-D49A5364E274}.Debug|Any CPU.ActiveCfg = Debug|Any CPU
		{1BF4FB00-D721-495F-BB59-D49A5364E274}.Debug|Any CPU.Build.0 = Debug|Any CPU
		{1BF4FB00-D721-495F-BB59-D49A5364E274}.Release|Any CPU.ActiveCfg = Release|Any CPU
		{1BF4FB00-D721-495F-BB59-D49A5364E274}.Release|Any CPU.Build.0 = Release|Any CPU
		{458F095B-76D4-44B2-ADCE-F8A7293071D2}.Debug|Any CPU.ActiveCfg = Debug|Any CPU
		{458F095B-76D4-44B2-ADCE-F8A7293071D2}.Debug|Any CPU.Build.0 = Debug|Any CPU
		{458F095B-76D4-44B2-ADCE-F8A7293071D2}.Release|Any CPU.ActiveCfg = Release|Any CPU
		{458F095B-76D4-44B2-ADCE-F8A7293071D2}.Release|Any CPU.Build.0 = Release|Any CPU
		{F6E10DA0-07A1-450E-AB54-4DFE1889D591}.Debug|Any CPU.ActiveCfg = Debug|Any CPU
		{F6E10DA0-07A1-450E-AB54-4DFE1889D591}.Debug|Any CPU.Build.0 = Debug|Any CPU
		{F6E10DA0-07A1-450E-AB54-4DFE1889D591}.Release|Any CPU.ActiveCfg = Release|Any CPU
		{F6E10DA0-07A1-450E-AB54-4DFE1889D591}.Release|Any CPU.Build.0 = Release|Any CPU
	EndGlobalSection
	GlobalSection(SolutionProperties) = preSolution
		HideSolutionNode = FALSE
	EndGlobalSection
	GlobalSection(ExtensibilityGlobals) = postSolution
		SolutionGuid = {3F008A0B-A7CD-4BDF-A483-71E073CFA218}
	EndGlobalSection
EndGlobal
